// !$*UTF8*$!
{
	archiveVersion = 1;
	classes = {
	};
	objectVersion = 60;
	objects = {

/* Begin PBXBuildFile section */
		0A1000010000000000000001 /* CustodyFolioApp.swift in Sources */ = {isa = PBXBuildFile; fileRef = 0A2000010000000000000001 /* CustodyFolioApp.swift */; };
		0A1000010000000000000002 /* AppRootView.swift in Sources */ = {isa = PBXBuildFile; fileRef = 0A2000010000000000000002 /* AppRootView.swift */; };
		0A1000010000000000000003 /* AuthenticationGate.swift in Sources */ = {isa = PBXBuildFile; fileRef = 0A2000010000000000000003 /* AuthenticationGate.swift */; };
		0A1000010000000000000004 /* WorkspaceWebView.swift in Sources */ = {isa = PBXBuildFile; fileRef = 0A2000010000000000000004 /* WorkspaceWebView.swift */; };
		0A1000010000000000000005 /* NativePolicyView.swift in Sources */ = {isa = PBXBuildFile; fileRef = 0A2000010000000000000005 /* NativePolicyView.swift */; };
		0A1000010000000000000006 /* SecureSessionCookieStore.swift in Sources */ = {isa = PBXBuildFile; fileRef = 0A2000010000000000000006 /* SecureSessionCookieStore.swift */; };
		0A1000010000000000000007 /* NativeSecurityPolicy.swift in Sources */ = {isa = PBXBuildFile; fileRef = 0A2000010000000000000007 /* NativeSecurityPolicy.swift */; };
		0A1000010000000000000008 /* SensitiveExportStore.swift in Sources */ = {isa = PBXBuildFile; fileRef = 0A2000010000000000000008 /* SensitiveExportStore.swift */; };
		0A1000010000000000000009 /* StoreKitBillingManager.swift in Sources */ = {isa = PBXBuildFile; fileRef = 0A2000010000000000000009 /* StoreKitBillingManager.swift */; };
		0A1000010000000000000010 /* StoreKitPaywallView.swift in Sources */ = {isa = PBXBuildFile; fileRef = 0A2000010000000000000010 /* StoreKitPaywallView.swift */; };
		0A1000020000000000000001 /* Assets.xcassets in Resources */ = {isa = PBXBuildFile; fileRef = 0A2000020000000000000001 /* Assets.xcassets */; };
		0A1000020000000000000002 /* PrivacyInfo.xcprivacy in Resources */ = {isa = PBXBuildFile; fileRef = 0A2000020000000000000002 /* PrivacyInfo.xcprivacy */; };
		0B1000010000000000000001 /* NativeSecurityPolicyTests.swift in Sources */ = {isa = PBXBuildFile; fileRef = 0B2000010000000000000001 /* NativeSecurityPolicyTests.swift */; };
		0B1000010000000000000002 /* StoreKitAcceptanceTests.swift in Sources */ = {isa = PBXBuildFile; fileRef = 0B2000010000000000000002 /* StoreKitAcceptanceTests.swift */; };
		0B1000020000000000000001 /* CustodyFolio.storekit in Resources */ = {isa = PBXBuildFile; fileRef = 0A2000040000000000000001 /* CustodyFolio.storekit */; };
/* End PBXBuildFile section */

/* Begin PBXContainerItemProxy section */
		0B7000010000000000000001 /* PBXContainerItemProxy */ = {
			isa = PBXContainerItemProxy;
			containerPortal = 0A6000010000000000000001 /* Project object */;
			proxyType = 1;
			remoteGlobalIDString = 0A5000010000000000000001;
			remoteInfo = CustodyFolio;
		};
/* End PBXContainerItemProxy section */

/* Begin PBXFileReference section */
		0A2000010000000000000001 /* CustodyFolioApp.swift */ = {isa = PBXFileReference; lastKnownFileType = sourcecode.swift; path = CustodyFolioApp.swift; sourceTree = "<group>"; };
		0A2000010000000000000002 /* AppRootView.swift */ = {isa = PBXFileReference; lastKnownFileType = sourcecode.swift; path = AppRootView.swift; sourceTree = "<group>"; };
		0A2000010000000000000003 /* AuthenticationGate.swift */ = {isa = PBXFileReference; lastKnownFileType = sourcecode.swift; path = AuthenticationGate.swift; sourceTree = "<group>"; };
		0A2000010000000000000004 /* WorkspaceWebView.swift */ = {isa = PBXFileReference; lastKnownFileType = sourcecode.swift; path = WorkspaceWebView.swift; sourceTree = "<group>"; };
		0A2000010000000000000005 /* NativePolicyView.swift */ = {isa = PBXFileReference; lastKnownFileType = sourcecode.swift; path = NativePolicyView.swift; sourceTree = "<group>"; };
		0A2000010000000000000006 /* SecureSessionCookieStore.swift */ = {isa = PBXFileReference; lastKnownFileType = sourcecode.swift; path = SecureSessionCookieStore.swift; sourceTree = "<group>"; };
		0A2000010000000000000007 /* NativeSecurityPolicy.swift */ = {isa = PBXFileReference; lastKnownFileType = sourcecode.swift; path = NativeSecurityPolicy.swift; sourceTree = "<group>"; };
		0A2000010000000000000008 /* SensitiveExportStore.swift */ = {isa = PBXFileReference; lastKnownFileType = sourcecode.swift; path = SensitiveExportStore.swift; sourceTree = "<group>"; };
		0A2000010000000000000009 /* StoreKitBillingManager.swift */ = {isa = PBXFileReference; lastKnownFileType = sourcecode.swift; path = StoreKitBillingManager.swift; sourceTree = "<group>"; };
		0A2000010000000000000010 /* StoreKitPaywallView.swift */ = {isa = PBXFileReference; lastKnownFileType = sourcecode.swift; path = StoreKitPaywallView.swift; sourceTree = "<group>"; };
		0A2000020000000000000001 /* Assets.xcassets */ = {isa = PBXFileReference; lastKnownFileType = folder.assetcatalog; path = Assets.xcassets; sourceTree = "<group>"; };
		0A2000020000000000000002 /* PrivacyInfo.xcprivacy */ = {isa = PBXFileReference; lastKnownFileType = text.xml; path = PrivacyInfo.xcprivacy; sourceTree = "<group>"; };
		0A2000020000000000000003 /* Info.plist */ = {isa = PBXFileReference; lastKnownFileType = text.plist.xml; path = Info.plist; sourceTree = "<group>"; };
		0A2000030000000000000001 /* CustodyFolio.app */ = {isa = PBXFileReference; explicitFileType = wrapper.application; includeInIndex = 0; path = CustodyFolio.app; sourceTree = BUILT_PRODUCTS_DIR; };
		0B2000010000000000000001 /* NativeSecurityPolicyTests.swift */ = {isa = PBXFileReference; lastKnownFileType = sourcecode.swift; path = NativeSecurityPolicyTests.swift; sourceTree = "<group>"; };
		0B2000010000000000000002 /* StoreKitAcceptanceTests.swift */ = {isa = PBXFileReference; lastKnownFileType = sourcecode.swift; path = StoreKitAcceptanceTests.swift; sourceTree = "<group>"; };
		0B2000030000000000000001 /* CustodyFolioTests.xctest */ = {isa = PBXFileReference; explicitFileType = wrapper.cfbundle; includeInIndex = 0; path = CustodyFolioTests.xctest; sourceTree = BUILT_PRODUCTS_DIR; };
		B791BF4E3005748200BCB2B9 /* CustodyFolio.xctestplan */ = {isa = PBXFileReference; lastKnownFileType = text; path = CustodyFolio.xctestplan; sourceTree = "<group>"; };
		0A2000040000000000000001 /* CustodyFolio.storekit */ = {isa = PBXFileReference; lastKnownFileType = text; path = CustodyFolio.storekit; sourceTree = "<group>"; };
/* End PBXFileReference section */

/* Begin PBXFrameworksBuildPhase section */
		0A3000010000000000000001 /* Frameworks */ = {
			isa = PBXFrameworksBuildPhase;
			buildActionMask = 2147483647;
			files = (
			);
			runOnlyForDeploymentPostprocessing = 0;
		};
		0B3000010000000000000001 /* Frameworks */ = {
			isa = PBXFrameworksBuildPhase;
			buildActionMask = 2147483647;
			files = (
			);
			runOnlyForDeploymentPostprocessing = 0;
		};
/* End PBXFrameworksBuildPhase section */

/* Begin PBXGroup section */
		0A4000010000000000000001 = {
			isa = PBXGroup;
			children = (
				B791BF4E3005748200BCB2B9 /* CustodyFolio.xctestplan */,
				0A2000040000000000000001 /* CustodyFolio.storekit */,
				0A4000010000000000000002 /* CustodyFolio */,
				0B4000010000000000000001 /* CustodyFolioTests */,
				0A4000010000000000000003 /* Products */,
			);
			sourceTree = "<group>";
		};
		0A4000010000000000000002 /* CustodyFolio */ = {
			isa = PBXGroup;
			children = (
				0A2000010000000000000001 /* CustodyFolioApp.swift */,
				0A2000010000000000000002 /* AppRootView.swift */,
				0A2000010000000000000003 /* AuthenticationGate.swift */,
				0A2000010000000000000004 /* WorkspaceWebView.swift */,
				0A2000010000000000000005 /* NativePolicyView.swift */,
				0A2000010000000000000006 /* SecureSessionCookieStore.swift */,
				0A2000010000000000000007 /* NativeSecurityPolicy.swift */,
				0A2000010000000000000008 /* SensitiveExportStore.swift */,
				0A2000010000000000000009 /* StoreKitBillingManager.swift */,
				0A2000010000000000000010 /* StoreKitPaywallView.swift */,
				0A2000020000000000000001 /* Assets.xcassets */,
				0A2000020000000000000003 /* Info.plist */,
				0A2000020000000000000002 /* PrivacyInfo.xcprivacy */,
			);
			path = CustodyFolio;
			sourceTree = "<group>";
		};
		0A4000010000000000000003 /* Products */ = {
			isa = PBXGroup;
			children = (
				0A2000030000000000000001 /* CustodyFolio.app */,
				0B2000030000000000000001 /* CustodyFolioTests.xctest */,
			);
			name = Products;
			sourceTree = "<group>";
		};
		0B4000010000000000000001 /* CustodyFolioTests */ = {
			isa = PBXGroup;
			children = (
				0B2000010000000000000001 /* NativeSecurityPolicyTests.swift */,
				0B2000010000000000000002 /* StoreKitAcceptanceTests.swift */,
			);
			path = CustodyFolioTests;
			sourceTree = "<group>";
		};
/* End PBXGroup section */

/* Begin PBXNativeTarget section */
		0A5000010000000000000001 /* CustodyFolio */ = {
			isa = PBXNativeTarget;
			buildConfigurationList = 0A9000020000000000000001 /* Build configuration list for PBXNativeTarget "CustodyFolio" */;
			buildPhases = (
				0A3000020000000000000001 /* Sources */,
				0A3000010000000000000001 /* Frameworks */,
				0A3000030000000000000001 /* Resources */,
			);
			buildRules = (
			);
			dependencies = (
			);
			name = CustodyFolio;
			productName = CustodyFolio;
			productReference = 0A2000030000000000000001 /* CustodyFolio.app */;
			productType = "com.apple.product-type.application";
		};
		0B5000010000000000000001 /* CustodyFolioTests */ = {
			isa = PBXNativeTarget;
			buildConfigurationList = 0B9000020000000000000001 /* Build configuration list for PBXNativeTarget "CustodyFolioTests" */;
			buildPhases = (
				0B3000020000000000000001 /* Sources */,
				0B3000010000000000000001 /* Frameworks */,
				0B3000030000000000000001 /* Resources */,
			);
			buildRules = (
			);
			dependencies = (
				0B7000020000000000000001 /* PBXTargetDependency */,
			);
			name = CustodyFolioTests;
			productName = CustodyFolioTests;
			productReference = 0B2000030000000000000001 /* CustodyFolioTests.xctest */;
			productType = "com.apple.product-type.bundle.unit-test";
		};
/* End PBXNativeTarget section */

/* Begin PBXProject section */
		0A6000010000000000000001 /* Project object */ = {
			isa = PBXProject;
			attributes = {
				BuildIndependentTargetsInParallel = 1;
				LastSwiftUpdateCheck = 2660;
				LastUpgradeCheck = 2660;
				TargetAttributes = {
					0A5000010000000000000001 = {
						CreatedOnToolsVersion = 26.6;
					};
					0B5000010000000000000001 = {
						CreatedOnToolsVersion = 26.6;
						TestTargetID = 0A5000010000000000000001;
					};
				};
			};
			buildConfigurationList = 0A9000010000000000000001 /* Build configuration list for PBXProject "CustodyFolio" */;
			compatibilityVersion = "Xcode 15.0";
			developmentRegion = en;
			hasScannedForEncodings = 0;
			knownRegions = (
				en,
				Base,
			);
			mainGroup = 0A4000010000000000000001;
			productRefGroup = 0A4000010000000000000003 /* Products */;
			projectDirPath = "";
			projectRoot = "";
			targets = (
				0A5000010000000000000001 /* CustodyFolio */,
				0B5000010000000000000001 /* CustodyFolioTests */,
			);
		};
/* End PBXProject section */

/* Begin PBXResourcesBuildPhase section */
		0A3000030000000000000001 /* Resources */ = {
			isa = PBXResourcesBuildPhase;
			buildActionMask = 2147483647;
			files = (
				0A1000020000000000000001 /* Assets.xcassets in Resources */,
				0A1000020000000000000002 /* PrivacyInfo.xcprivacy in Resources */,
			);
			runOnlyForDeploymentPostprocessing = 0;
		};
		0B3000030000000000000001 /* Resources */ = {
			isa = PBXResourcesBuildPhase;
			buildActionMask = 2147483647;
			files = (
				0B1000020000000000000001 /* CustodyFolio.storekit in Resources */,
			);
			runOnlyForDeploymentPostprocessing = 0;
		};
/* End PBXResourcesBuildPhase section */

/* Begin PBXSourcesBuildPhase section */
		0A3000020000000000000001 /* Sources */ = {
			isa = PBXSourcesBuildPhase;
			buildActionMask = 2147483647;
			files = (
				0A1000010000000000000001 /* CustodyFolioApp.swift in Sources */,
				0A1000010000000000000002 /* AppRootView.swift in Sources */,
				0A1000010000000000000003 /* AuthenticationGate.swift in Sources */,
				0A1000010000000000000004 /* WorkspaceWebView.swift in Sources */,
				0A1000010000000000000005 /* NativePolicyView.swift in Sources */,
				0A1000010000000000000006 /* SecureSessionCookieStore.swift in Sources */,
				0A1000010000000000000007 /* NativeSecurityPolicy.swift in Sources */,
				0A1000010000000000000008 /* SensitiveExportStore.swift in Sources */,
				0A1000010000000000000009 /* StoreKitBillingManager.swift in Sources */,
				0A1000010000000000000010 /* StoreKitPaywallView.swift in Sources */,
			);
			runOnlyForDeploymentPostprocessing = 0;
		};
		0B3000020000000000000001 /* Sources */ = {
			isa = PBXSourcesBuildPhase;
			buildActionMask = 2147483647;
			files = (
				0B1000010000000000000001 /* NativeSecurityPolicyTests.swift in Sources */,
				0B1000010000000000000002 /* StoreKitAcceptanceTests.swift in Sources */,
			);
			runOnlyForDeploymentPostprocessing = 0;
		};
/* End PBXSourcesBuildPhase section */

/* Begin PBXTargetDependency section */
		0B7000020000000000000001 /* PBXTargetDependency */ = {
			isa = PBXTargetDependency;
			target = 0A5000010000000000000001 /* CustodyFolio */;
			targetProxy = 0B7000010000000000000001 /* PBXContainerItemProxy */;
		};
/* End PBXTargetDependency section */

/* Begin XCBuildConfiguration section */
		0A8000010000000000000001 /* Debug */ = {
			isa = XCBuildConfiguration;
			buildSettings = {
				ALWAYS_SEARCH_USER_PATHS = NO;
				CLANG_ANALYZER_NONNULL = YES;
				CLANG_ANALYZER_NUMBER_OBJECT_CONVERSION = YES_AGGRESSIVE;
				CLANG_CXX_LANGUAGE_STANDARD = "gnu++20";
				CLANG_ENABLE_MODULES = YES;
				CLANG_ENABLE_OBJC_ARC = YES;
				CLANG_ENABLE_OBJC_WEAK = YES;
				CLANG_WARN_BLOCK_CAPTURE_AUTORELEASING = YES;
				CLANG_WARN_BOOL_CONVERSION = YES;
				CLANG_WARN_COMMA = YES;
				CLANG_WARN_CONSTANT_CONVERSION = YES;
				CLANG_WARN_DEPRECATED_OBJC_IMPLEMENTATIONS = YES;
				CLANG_WARN_DIRECT_OBJC_ISA_USAGE = YES_ERROR;
				CLANG_WARN_DOCUMENTATION_COMMENTS = YES;
				CLANG_WARN_EMPTY_BODY = YES;
				CLANG_WARN_ENUM_CONVERSION = YES;
				CLANG_WARN_INFINITE_RECURSION = YES;
				CLANG_WARN_INT_CONVERSION = YES;
				CLANG_WARN_NON_LITERAL_NULL_CONVERSION = YES;
				CLANG_WARN_OBJC_IMPLICIT_RETAIN_SELF = YES;
				CLANG_WARN_OBJC_LITERAL_CONVERSION = YES;
				CLANG_WARN_OBJC_ROOT_CLASS = YES_ERROR;
				CLANG_WARN_QUOTED_INCLUDE_IN_FRAMEWORK_HEADER = YES;
				CLANG_WARN_RANGE_LOOP_ANALYSIS = YES;
				CLANG_WARN_STRICT_PROTOTYPES = YES;
				CLANG_WARN_SUSPICIOUS_MOVE = YES;
				CLANG_WARN_UNGUARDED_AVAILABILITY = YES_AGGRESSIVE;
				CLANG_WARN_UNREACHABLE_CODE = YES;
				CLANG_WARN__DUPLICATE_METHOD_MATCH = YES;
				COPY_PHASE_STRIP = NO;
				DEBUG_INFORMATION_FORMAT = dwarf;
				ENABLE_STRICT_OBJC_MSGSEND = YES;
				ENABLE_TESTABILITY = YES;
				ENABLE_USER_SCRIPT_SANDBOXING = YES;
				GCC_C_LANGUAGE_STANDARD = gnu17;
				GCC_DYNAMIC_NO_PIC = NO;
				GCC_NO_COMMON_BLOCKS = YES;
				GCC_OPTIMIZATION_LEVEL = 0;
				GCC_PREPROCESSOR_DEFINITIONS = (
					"DEBUG=1",
					"$(inherited)",
				);
				GCC_WARN_64_TO_32_BIT_CONVERSION = YES;
				GCC_WARN_ABOUT_RETURN_TYPE = YES_ERROR;
				GCC_WARN_UNDECLARED_SELECTOR = YES;
				GCC_WARN_UNINITIALIZED_AUTOS = YES_AGGRESSIVE;
				GCC_WARN_UNUSED_FUNCTION = YES;
				GCC_WARN_UNUSED_VARIABLE = YES;
				IPHONEOS_DEPLOYMENT_TARGET = 17.0;
				LOCALIZATION_PREFERS_STRING_CATALOGS = YES;
				MTL_ENABLE_DEBUG_INFO = INCLUDE_SOURCE;
				MTL_FAST_MATH = YES;
				ONLY_ACTIVE_ARCH = YES;
				SDKROOT = iphoneos;
				SWIFT_ACTIVE_COMPILATION_CONDITIONS = "DEBUG $(inherited)";
				SWIFT_OPTIMIZATION_LEVEL = "-Onone";
			};
			name = Debug;
		};
		0A8000010000000000000002 /* Release */ = {
			isa = XCBuildConfiguration;
			buildSettings = {
				ALWAYS_SEARCH_USER_PATHS = NO;
				CLANG_ANALYZER_NONNULL = YES;
				CLANG_ANALYZER_NUMBER_OBJECT_CONVERSION = YES_AGGRESSIVE;
				CLANG_CXX_LANGUAGE_STANDARD = "gnu++20";
				CLANG_ENABLE_MODULES = YES;
				CLANG_ENABLE_OBJC_ARC = YES;
				CLANG_ENABLE_OBJC_WEAK = YES;
				CLANG_WARN_BLOCK_CAPTURE_AUTORELEASING = YES;
				CLANG_WARN_BOOL_CONVERSION = YES;
				CLANG_WARN_COMMA = YES;
				CLANG_WARN_CONSTANT_CONVERSION = YES;
				CLANG_WARN_DEPRECATED_OBJC_IMPLEMENTATIONS = YES;
				CLANG_WARN_DIRECT_OBJC_ISA_USAGE = YES_ERROR;
				CLANG_WARN_DOCUMENTATION_COMMENTS = YES;
				CLANG_WARN_EMPTY_BODY = YES;
				CLANG_WARN_ENUM_CONVERSION = YES;
				CLANG_WARN_INFINITE_RECURSION = YES;
				CLANG_WARN_INT_CONVERSION = YES;
				CLANG_WARN_NON_LITERAL_NULL_CONVERSION = YES;
				CLANG_WARN_OBJC_IMPLICIT_RETAIN_SELF = YES;
				CLANG_WARN_OBJC_LITERAL_CONVERSION = YES;
				CLANG_WARN_OBJC_ROOT_CLASS = YES_ERROR;
				CLANG_WARN_QUOTED_INCLUDE_IN_FRAMEWORK_HEADER = YES;
				CLANG_WARN_RANGE_LOOP_ANALYSIS = YES;
				CLANG_WARN_STRICT_PROTOTYPES = YES;
				CLANG_WARN_SUSPICIOUS_MOVE = YES;
				CLANG_WARN_UNGUARDED_AVAILABILITY = YES_AGGRESSIVE;
				CLANG_WARN_UNREACHABLE_CODE = YES;
				CLANG_WARN__DUPLICATE_METHOD_MATCH = YES;
				COPY_PHASE_STRIP = NO;
				DEBUG_INFORMATION_FORMAT = "dwarf-with-dsym";
				ENABLE_NS_ASSERTIONS = NO;
				ENABLE_STRICT_OBJC_MSGSEND = YES;
				ENABLE_USER_SCRIPT_SANDBOXING = YES;
				GCC_C_LANGUAGE_STANDARD = gnu17;
				GCC_NO_COMMON_BLOCKS = YES;
				GCC_WARN_64_TO_32_BIT_CONVERSION = YES;
				GCC_WARN_ABOUT_RETURN_TYPE = YES_ERROR;
				GCC_WARN_UNDECLARED_SELECTOR = YES;
				GCC_WARN_UNINITIALIZED_AUTOS = YES_AGGRESSIVE;
				GCC_WARN_UNUSED_FUNCTION = YES;
				GCC_WARN_UNUSED_VARIABLE = YES;
				IPHONEOS_DEPLOYMENT_TARGET = 17.0;
				LOCALIZATION_PREFERS_STRING_CATALOGS = YES;
				MTL_ENABLE_DEBUG_INFO = NO;
				MTL_FAST_MATH = YES;
				SDKROOT = iphoneos;
				SWIFT_COMPILATION_MODE = wholemodule;
				VALIDATE_PRODUCT = YES;
			};
			name = Release;
		};
		0A8000020000000000000001 /* Debug */ = {
			isa = XCBuildConfiguration;
			buildSettings = {
				ASSETCATALOG_COMPILER_APPICON_NAME = AppIcon;
				ASSETCATALOG_COMPILER_GLOBAL_ACCENT_COLOR_NAME = AccentColor;
				CODE_SIGN_STYLE = Automatic;
				CURRENT_PROJECT_VERSION = 14;
				DEVELOPMENT_TEAM = HQG9VJ8JK2;
				ENABLE_PREVIEWS = YES;
				GENERATE_INFOPLIST_FILE = NO;
				INFOPLIST_FILE = CustodyFolio/Info.plist;
				IPHONEOS_DEPLOYMENT_TARGET = 17.0;
				MARKETING_VERSION = 1.0.3;
				PRODUCT_BUNDLE_IDENTIFIER = io.lendori.losttofound;
				PRODUCT_NAME = "$(TARGET_NAME)";
				SUPPORTED_PLATFORMS = "iphoneos iphonesimulator";
				SWIFT_EMIT_LOC_STRINGS = YES;
				SWIFT_VERSION = 5.0;
				TARGETED_DEVICE_FAMILY = "1,2";
			};
			name = Debug;
		};
		0A8000020000000000000002 /* Release */ = {
			isa = XCBuildConfiguration;
			buildSettings = {
				ASSETCATALOG_COMPILER_APPICON_NAME = AppIcon;
				ASSETCATALOG_COMPILER_GLOBAL_ACCENT_COLOR_NAME = AccentColor;
				CODE_SIGN_STYLE = Automatic;
				CURRENT_PROJECT_VERSION = 14;
				DEVELOPMENT_TEAM = HQG9VJ8JK2;
				ENABLE_PREVIEWS = YES;
				GENERATE_INFOPLIST_FILE = NO;
				INFOPLIST_FILE = CustodyFolio/Info.plist;
				IPHONEOS_DEPLOYMENT_TARGET = 17.0;
				MARKETING_VERSION = 1.0.3;
				PRODUCT_BUNDLE_IDENTIFIER = io.lendori.losttofound;
				PRODUCT_NAME = "$(TARGET_NAME)";
				SUPPORTED_PLATFORMS = "iphoneos iphonesimulator";
				SWIFT_EMIT_LOC_STRINGS = YES;
				SWIFT_VERSION = 5.0;
				TARGETED_DEVICE_FAMILY = "1,2";
			};
			name = Release;
		};
		0B8000020000000000000001 /* Debug */ = {
			isa = XCBuildConfiguration;
			buildSettings = {
				BUNDLE_LOADER = "$(TEST_HOST)";
				CODE_SIGN_STYLE = Automatic;
				CURRENT_PROJECT_VERSION = 1;
				DEVELOPMENT_TEAM = HQG9VJ8JK2;
				GENERATE_INFOPLIST_FILE = YES;
				IPHONEOS_DEPLOYMENT_TARGET = 17.0;
				LD_RUNPATH_SEARCH_PATHS = (
					"$(inherited)",
					"@executable_path/Frameworks",
					"@loader_path/Frameworks",
				);
				MARKETING_VERSION = 1.0;
				PRODUCT_BUNDLE_IDENTIFIER = io.lendori.losttofound.tests;
				PRODUCT_NAME = "$(TARGET_NAME)";
				SDKROOT = iphoneos;
				SUPPORTED_PLATFORMS = "iphoneos iphonesimulator";
				SWIFT_EMIT_LOC_STRINGS = NO;
				SWIFT_VERSION = 5.0;
				TARGETED_DEVICE_FAMILY = "1,2";
				TEST_HOST = "$(BUILT_PRODUCTS_DIR)/CustodyFolio.app/$(BUNDLE_EXECUTABLE_FOLDER_PATH)/CustodyFolio";
				TEST_TARGET_NAME = CustodyFolio;
			};
			name = Debug;
		};
		0B8000020000000000000002 /* Release */ = {
			isa = XCBuildConfiguration;
			buildSettings = {
				BUNDLE_LOADER = "$(TEST_HOST)";
				CODE_SIGN_STYLE = Automatic;
				CURRENT_PROJECT_VERSION = 1;
				DEVELOPMENT_TEAM = HQG9VJ8JK2;
				GENERATE_INFOPLIST_FILE = YES;
				IPHONEOS_DEPLOYMENT_TARGET = 17.0;
				LD_RUNPATH_SEARCH_PATHS = (
					"$(inherited)",
					"@executable_path/Frameworks",
					"@loader_path/Frameworks",
				);
				MARKETING_VERSION = 1.0;
				PRODUCT_BUNDLE_IDENTIFIER = io.lendori.losttofound.tests;
				PRODUCT_NAME = "$(TARGET_NAME)";
				SDKROOT = iphoneos;
				SUPPORTED_PLATFORMS = "iphoneos iphonesimulator";
				SWIFT_EMIT_LOC_STRINGS = NO;
				SWIFT_VERSION = 5.0;
				TARGETED_DEVICE_FAMILY = "1,2";
				TEST_HOST = "$(BUILT_PRODUCTS_DIR)/CustodyFolio.app/$(BUNDLE_EXECUTABLE_FOLDER_PATH)/CustodyFolio";
				TEST_TARGET_NAME = CustodyFolio;
			};
			name = Release;
		};
/* End XCBuildConfiguration section */

/* Begin XCConfigurationList section */
		0A9000010000000000000001 /* Build configuration list for PBXProject "CustodyFolio" */ = {
			isa = XCConfigurationList;
			buildConfigurations = (
				0A8000010000000000000001 /* Debug */,
				0A8000010000000000000002 /* Release */,
			);
			defaultConfigurationIsVisible = 0;
			defaultConfigurationName = Release;
		};
		0A9000020000000000000001 /* Build configuration list for PBXNativeTarget "CustodyFolio" */ = {
			isa = XCConfigurationList;
			buildConfigurations = (
				0A8000020000000000000001 /* Debug */,
				0A8000020000000000000002 /* Release */,
			);
			defaultConfigurationIsVisible = 0;
			defaultConfigurationName = Release;
		};
		0B9000020000000000000001 /* Build configuration list for PBXNativeTarget "CustodyFolioTests" */ = {
			isa = XCConfigurationList;
			buildConfigurations = (
				0B8000020000000000000001 /* Debug */,
				0B8000020000000000000002 /* Release */,
			);
			defaultConfigurationIsVisible = 0;
			defaultConfigurationName = Release;
		};
/* End XCConfigurationList section */
	};
	rootObject = 0A6000010000000000000001 /* Project object */;
}
